
Microsoft Visual Studio Solution File, Format Version 12.00
# Visual Studio Version 17
VisualStudioVersion = 17.9.34701.34
MinimumVisualStudioVersion = 10.0.40219.1
Project("{FAE04EC0-301F-11D3-BF4B-00C04F79EFBC}") = "PostLand.Application", "PostLand.Application\PostLand.Application.csproj", "{981D30D7-3407-442D-824D-005DDA60F854}"
EndProject
Project("{2150E333-8FDC-42A3-9474-1A3956D46DE8}") = "src", "src", "{9CA8C376-3252-4230-A118-03F7AB8E54BE}"
EndProject
Project("{2150E333-8FDC-42A3-9474-1A3956D46DE8}") = "Core", "Core", "{61327B7E-4518-4AA1-83BC-90575AD7AE07}"
EndProject
Project("{2150E333-8FDC-42A3-9474-1A3956D46DE8}") = "App", "App", "{357722FE-C327-47D3-BA0F-6AADB52EC112}"
EndProject
Project("{2150E333-8FDC-42A3-9474-1A3956D46DE8}") = "Domain", "Domain", "{5DB36D16-AC46-4932-A051-75D5243F5215}"
EndProject
Project("{FAE04EC0-301F-11D3-BF4B-00C04F79EFBC}") = "PostLand.Domain", "PostLand.Domain\PostLand.Domain.csproj", "{BA4E1BAD-25AC-4644-8E25-EC61B79B6203}"
EndProject
Project("{2150E333-8FDC-42A3-9474-1A3956D46DE8}") = "Infrastructure", "Infrastructure", "{425C6FC6-36CF-4908-9DA7-9FDD01E2B8B3}"
EndProject
Project("{2150E333-8FDC-42A3-9474-1A3956D46DE8}") = "Api", "Api", "{4A385891-4E3C-4F76-898A-BC34A3C7F79B}"
EndProject
Project("{FAE04EC0-301F-11D3-BF4B-00C04F79EFBC}") = "PostLand.Api", "PostLand.Api\PostLand.Api.csproj", "{5C0409E1-82ED-48FD-84BB-C9F2F75EA21E}"
EndProject
Project("{FAE04EC0-301F-11D3-BF4B-00C04F79EFBC}") = "PostLand.Infrastructure", "PostLand.Infrastructure\PostLand.Infrastructure.csproj", "{62249EF5-18F3-4536-8E30-78433F4C6283}"
EndProject
Global
	GlobalSection(SolutionConfigurationPlatforms) = preSolution
		Debug|Any CPU = Debug|Any CPU
		Release|Any CPU = Release|Any CPU
	EndGlobalSection
	GlobalSection(ProjectConfigurationPlatforms) = postSolution
		{981D30D7-3407-442D-824D-005DDA60F854}.Debug|Any CPU.ActiveCfg = Debug|Any CPU
		{981D30D7-3407-442D-824D-005DDA60F854}.Debug|Any CPU.Build.0 = Debug|Any CPU
		{981D30D7-3407-442D-824D-005DDA60F854}.Release|Any CPU.ActiveCfg = Release|Any CPU
		{981D30D7-3407-442D-824D-005DDA60F854}.Release|Any CPU.Build.0 = Release|Any CPU
		{BA4E1BAD-25AC-4644-8E25-EC61B79B6203}.Debug|Any CPU.ActiveCfg = Debug|Any CPU
		{BA4E1BAD-25AC-4644-8E25-EC61B79B6203}.Debug|Any CPU.Build.0 = Debug|Any CPU
		{BA4E1BAD-25AC-4644-8E25-EC61B79B6203}.Release|Any CPU.ActiveCfg = Release|Any CPU
		{BA4E1BAD-25AC-4644-8E25-EC61B79B6203}.Release|Any CPU.Build.0 = Release|Any CPU
		{5C0409E1-82ED-48FD-84BB-C9F2F75EA21E}.Debug|Any CPU.ActiveCfg = Debug|Any CPU
		{5C0409E1-82ED-48FD-84BB-C9F2F75EA21E}.Debug|Any CPU.Build.0 = Debug|Any CPU
		{5C0409E1-82ED-48FD-84BB-C9F2F75EA21E}.Release|Any CPU.ActiveCfg = Release|Any CPU
		{5C0409E1-82ED-48FD-84BB-C9F2F75EA21E}.Release|Any CPU.Build.0 = Release|Any CPU
		{62249EF5-18F3-4536-8E30-78433F4C6283}.Debug|Any CPU.ActiveCfg = Debug|Any CPU
		{62249EF5-18F3-4536-8E30-78433F4C6283}.Debug|Any CPU.Build.0 = Debug|Any CPU
		{62249EF5-18F3-4536-8E30-78433F4C6283}.Release|Any CPU.ActiveCfg = Release|Any CPU
		{62249EF5-18F3-4536-8E30-78433F4C6283}.Release|Any CPU.Build.0 = Release|Any CPU
	EndGlobalSection
	GlobalSection(SolutionProperties) = preSolution
		HideSolutionNode = FALSE
	EndGlobalSection
	GlobalSection(NestedProjects) = preSolution
		{981D30D7-3407-442D-824D-005DDA60F854} = {357722FE-C327-47D3-BA0F-6AADB52EC112}
		{61327B7E-4518-4AA1-83BC-90575AD7AE07} = {9CA8C376-3252-4230-A118-03F7AB8E54BE}
		{357722FE-C327-47D3-BA0F-6AADB52EC112} = {61327B7E-4518-4AA1-83BC-90575AD7AE07}
		{5DB36D16-AC46-4932-A051-75D5243F5215} = {61327B7E-4518-4AA1-83BC-90575AD7AE07}
		{BA4E1BAD-25AC-4644-8E25-EC61B79B6203} = {5DB36D16-AC46-4932-A051-75D5243F5215}
		{425C6FC6-36CF-4908-9DA7-9FDD01E2B8B3} = {9CA8C376-3252-4230-A118-03F7AB8E54BE}
		{4A385891-4E3C-4F76-898A-BC34A3C7F79B} = {9CA8C376-3252-4230-A118-03F7AB8E54BE}
		{5C0409E1-82ED-48FD-84BB-C9F2F75EA21E} = {4A385891-4E3C-4F76-898A-BC34A3C7F79B}
		{62249EF5-18F3-4536-8E30-78433F4C6283} = {425C6FC6-36CF-4908-9DA7-9FDD01E2B8B3}
	EndGlobalSection
	GlobalSection(ExtensibilityGlobals) = postSolution
		SolutionGuid = {27ECDABE-51FB-4B86-9265-C446AEC6C3FC}
	EndGlobalSection
EndGlobal
